
Microsoft Visual Studio Solution File, Format Version 12.00
# Visual Studio 15
VisualStudioVersion = 15.0.28010.2048
MinimumVisualStudioVersion = 10.0.40219.1
Project("{FAE04EC0-301F-11D3-BF4B-00C04F79EFBC}") = "page1", "page1\page1.csproj", "{ABB8D792-E4B6-43BB-9EE4-CD10F7E3F510}"
EndProject
Global
	GlobalSection(SolutionConfigurationPlatforms) = preSolution
		Debug|Any CPU = Debug|Any CPU
		Release|Any CPU = Release|Any CPU
	EndGlobalSection
	GlobalSection(ProjectConfigurationPlatforms) = postSolution
		{ABB8D792-E4B6-43BB-9EE4-CD10F7E3F510}.Debug|Any CPU.ActiveCfg = Debug|Any CPU
		{ABB8D792-E4B6-43BB-9EE4-CD10F7E3F510}.Debug|Any CPU.Build.0 = Debug|Any CPU
		{ABB8D792-E4B6-43BB-9EE4-CD10F7E3F510}.Release|Any CPU.ActiveCfg = Release|Any CPU
		{ABB8D792-E4B6-43BB-9EE4-CD10F7E3F510}.Release|Any CPU.Build.0 = Release|Any CPU
	EndGlobalSection
	GlobalSection(SolutionProperties) = preSolution
		HideSolutionNode = FALSE
	EndGlobalSection
	GlobalSection(ExtensibilityGlobals) = postSolution
		SolutionGuid = {910A9CF5-6287-4381-B8CB-3A222C5B1363}
	EndGlobalSection
EndGlobal
